
Microsoft Visual Studio Solution File, Format Version 12.00
# Visual Studio Version 16
VisualStudioVersion = 16.0.30804.86
MinimumVisualStudioVersion = 10.0.40219.1
Project("{2150E333-8FDC-42A3-9474-1A3956D46DE8}") = "scr", "scr", "{E72312F0-0500-45DF-A9BD-A911BD3191FF}"
EndProject
Project("{2150E333-8FDC-42A3-9474-1A3956D46DE8}") = "Services", "Services", "{10C9954E-95D5-4627-8091-C9ABEC059AF8}"
EndProject
Project("{FAE04EC0-301F-11D3-BF4B-00C04F79EFBC}") = "CatalogApi", "CatalogApi\CatalogApi.csproj", "{6AEE3846-E0E5-4D2E-9EC0-C6EC1BFD49C1}"
EndProject
Global
	GlobalSection(SolutionConfigurationPlatforms) = preSolution
		Debug|Any CPU = Debug|Any CPU
		Release|Any CPU = Release|Any CPU
	EndGlobalSection
	GlobalSection(ProjectConfigurationPlatforms) = postSolution
		{6AEE3846-E0E5-4D2E-9EC0-C6EC1BFD49C1}.Debug|Any CPU.ActiveCfg = Debug|Any CPU
		{6AEE3846-E0E5-4D2E-9EC0-C6EC1BFD49C1}.Debug|Any CPU.Build.0 = Debug|Any CPU
		{6AEE3846-E0E5-4D2E-9EC0-C6EC1BFD49C1}.Release|Any CPU.ActiveCfg = Release|Any CPU
		{6AEE3846-E0E5-4D2E-9EC0-C6EC1BFD49C1}.Release|Any CPU.Build.0 = Release|Any CPU
	EndGlobalSection
	GlobalSection(SolutionProperties) = preSolution
		HideSolutionNode = FALSE
	EndGlobalSection
	GlobalSection(NestedProjects) = preSolution
		{10C9954E-95D5-4627-8091-C9ABEC059AF8} = {E72312F0-0500-45DF-A9BD-A911BD3191FF}
		{6AEE3846-E0E5-4D2E-9EC0-C6EC1BFD49C1} = {10C9954E-95D5-4627-8091-C9ABEC059AF8}
	EndGlobalSection
	GlobalSection(ExtensibilityGlobals) = postSolution
		SolutionGuid = {9C1AEE21-6F4E-4F3F-804D-C0712C8C06E6}
	EndGlobalSection
EndGlobal
